
Microsoft Visual Studio Solution File, Format Version 12.00
# Visual Studio Version 16
VisualStudioVersion = 16.0.33130.400
MinimumVisualStudioVersion = 10.0.40219.1
Project("{FAE04EC0-301F-11D3-BF4B-00C04F79EFBC}") = "C_Sharp_Projects", "C_Sharp_Projects\C_Sharp_Projects.csproj", "{5F26617A-432F-48F3-8702-0865A8DE7431}"
EndProject
Global
	GlobalSection(SolutionConfigurationPlatforms) = preSolution
		Debug|Any CPU = Debug|Any CPU
		Release|Any CPU = Release|Any CPU
	EndGlobalSection
	GlobalSection(ProjectConfigurationPlatforms) = postSolution
		{5F26617A-432F-48F3-8702-0865A8DE7431}.Debug|Any CPU.ActiveCfg = Debug|Any CPU
		{5F26617A-432F-48F3-8702-0865A8DE7431}.Debug|Any CPU.Build.0 = Debug|Any CPU
		{5F26617A-432F-48F3-8702-0865A8DE7431}.Release|Any CPU.ActiveCfg = Release|Any CPU
		{5F26617A-432F-48F3-8702-0865A8DE7431}.Release|Any CPU.Build.0 = Release|Any CPU
	EndGlobalSection
	GlobalSection(SolutionProperties) = preSolution
		HideSolutionNode = FALSE
	EndGlobalSection
	GlobalSection(ExtensibilityGlobals) = postSolution
		SolutionGuid = {6525AEF8-9919-4AE0-B56B-B0629AB3885B}
	EndGlobalSection
EndGlobal
